// !$*UTF8*$!
{
	archiveVersion = 1;
	classes = {
	};
	objectVersion = 55;
	objects = {

/* Begin PBXBuildFile section */
		AE3D0DA827BF805000D01CFD /* MoviesAppApp.swift in Sources */ = {isa = PBXBuildFile; fileRef = AE3D0D9827BF804E00D01CFD /* MoviesAppApp.swift */; };
		AE3D0DA927BF805000D01CFD /* MoviesAppApp.swift in Sources */ = {isa = PBXBuildFile; fileRef = AE3D0D9827BF804E00D01CFD /* MoviesAppApp.swift */; };
		AE3D0DAC27BF805000D01CFD /* Assets.xcassets in Resources */ = {isa = PBXBuildFile; fileRef = AE3D0D9A27BF805000D01CFD /* Assets.xcassets */; };
		AE3D0DAD27BF805000D01CFD /* Assets.xcassets in Resources */ = {isa = PBXBuildFile; fileRef = AE3D0D9A27BF805000D01CFD /* Assets.xcassets */; };
		AE3D0DC027BF833C00D01CFD /* Constant.swift in Sources */ = {isa = PBXBuildFile; fileRef = AE3D0DBF27BF833C00D01CFD /* Constant.swift */; };
		AE3D0DC227BF837200D01CFD /* URL+Extension.swift in Sources */ = {isa = PBXBuildFile; fileRef = AE3D0DC127BF837200D01CFD /* URL+Extension.swift */; };
		AE3D0DC427BF84BC00D01CFD /* WebService.swift in Sources */ = {isa = PBXBuildFile; fileRef = AE3D0DC327BF84BC00D01CFD /* WebService.swift */; };
		AE3D0DC627BF853B00D01CFD /* Movie.swift in Sources */ = {isa = PBXBuildFile; fileRef = AE3D0DC527BF853B00D01CFD /* Movie.swift */; };
		AEEEB51F27BF90E000CDC459 /* MovieListViewModel.swift in Sources */ = {isa = PBXBuildFile; fileRef = AEEEB51E27BF90E000CDC459 /* MovieListViewModel.swift */; };
		AEEEB52127BF92B800CDC459 /* MovieListScreen.swift in Sources */ = {isa = PBXBuildFile; fileRef = AEEEB52027BF92B800CDC459 /* MovieListScreen.swift */; };
		AEEEB52327BF92EC00CDC459 /* MovieListView.swift in Sources */ = {isa = PBXBuildFile; fileRef = AEEEB52227BF92EC00CDC459 /* MovieListView.swift */; };
		AEEEB52527BF957800CDC459 /* ImageLoader.swift in Sources */ = {isa = PBXBuildFile; fileRef = AEEEB52427BF957800CDC459 /* ImageLoader.swift */; };
		AEEEB52727BF966100CDC459 /* URLImage.swift in Sources */ = {isa = PBXBuildFile; fileRef = AEEEB52627BF966100CDC459 /* URLImage.swift */; };
		AEEEB52927BFA19800CDC459 /* ViewModelBase.swift in Sources */ = {isa = PBXBuildFile; fileRef = AEEEB52827BFA19800CDC459 /* ViewModelBase.swift */; };
		AEEEB52B27BFA23E00CDC459 /* String+Extention.swift in Sources */ = {isa = PBXBuildFile; fileRef = AEEEB52A27BFA23E00CDC459 /* String+Extention.swift */; };
		AEEEB52D27BFA30800CDC459 /* View+Extension.swift in Sources */ = {isa = PBXBuildFile; fileRef = AEEEB52C27BFA30800CDC459 /* View+Extension.swift */; };
/* End PBXBuildFile section */

/* Begin PBXFileReference section */
		AE3D0D9827BF804E00D01CFD /* MoviesAppApp.swift */ = {isa = PBXFileReference; lastKnownFileType = sourcecode.swift; path = MoviesAppApp.swift; sourceTree = "<group>"; };
		AE3D0D9A27BF805000D01CFD /* Assets.xcassets */ = {isa = PBXFileReference; lastKnownFileType = folder.assetcatalog; path = Assets.xcassets; sourceTree = "<group>"; };
		AE3D0D9F27BF805000D01CFD /* MoviesApp.app */ = {isa = PBXFileReference; explicitFileType = wrapper.application; includeInIndex = 0; path = MoviesApp.app; sourceTree = BUILT_PRODUCTS_DIR; };
		AE3D0DA527BF805000D01CFD /* MoviesApp.app */ = {isa = PBXFileReference; explicitFileType = wrapper.application; includeInIndex = 0; path = MoviesApp.app; sourceTree = BUILT_PRODUCTS_DIR; };
		AE3D0DA727BF805000D01CFD /* macOS.entitlements */ = {isa = PBXFileReference; lastKnownFileType = text.plist.entitlements; path = macOS.entitlements; sourceTree = "<group>"; };
		AE3D0DBF27BF833C00D01CFD /* Constant.swift */ = {isa = PBXFileReference; lastKnownFileType = sourcecode.swift; path = Constant.swift; sourceTree = "<group>"; };
		AE3D0DC127BF837200D01CFD /* URL+Extension.swift */ = {isa = PBXFileReference; lastKnownFileType = sourcecode.swift; path = "URL+Extension.swift"; sourceTree = "<group>"; };
		AE3D0DC327BF84BC00D01CFD /* WebService.swift */ = {isa = PBXFileReference; lastKnownFileType = sourcecode.swift; path = WebService.swift; sourceTree = "<group>"; };
		AE3D0DC527BF853B00D01CFD /* Movie.swift */ = {isa = PBXFileReference; lastKnownFileType = sourcecode.swift; path = Movie.swift; sourceTree = "<group>"; };
		AE3D0DC727BF89C800D01CFD /* MoviesApp--iOS--Info.plist */ = {isa = PBXFileReference; lastKnownFileType = text.plist; path = "MoviesApp--iOS--Info.plist"; sourceTree = "<group>"; };
		AEEEB51E27BF90E000CDC459 /* MovieListViewModel.swift */ = {isa = PBXFileReference; lastKnownFileType = sourcecode.swift; path = MovieListViewModel.swift; sourceTree = "<group>"; };
		AEEEB52027BF92B800CDC459 /* MovieListScreen.swift */ = {isa = PBXFileReference; lastKnownFileType = sourcecode.swift; path = MovieListScreen.swift; sourceTree = "<group>"; };
		AEEEB52227BF92EC00CDC459 /* MovieListView.swift */ = {isa = PBXFileReference; lastKnownFileType = sourcecode.swift; path = MovieListView.swift; sourceTree = "<group>"; };
		AEEEB52427BF957800CDC459 /* ImageLoader.swift */ = {isa = PBXFileReference; lastKnownFileType = sourcecode.swift; path = ImageLoader.swift; sourceTree = "<group>"; };
		AEEEB52627BF966100CDC459 /* URLImage.swift */ = {isa = PBXFileReference; lastKnownFileType = sourcecode.swift; path = URLImage.swift; sourceTree = "<group>"; };
		AEEEB52827BFA19800CDC459 /* ViewModelBase.swift */ = {isa = PBXFileReference; lastKnownFileType = sourcecode.swift; path = ViewModelBase.swift; sourceTree = "<group>"; };
		AEEEB52A27BFA23E00CDC459 /* String+Extention.swift */ = {isa = PBXFileReference; lastKnownFileType = sourcecode.swift; path = "String+Extention.swift"; sourceTree = "<group>"; };
		AEEEB52C27BFA30800CDC459 /* View+Extension.swift */ = {isa = PBXFileReference; lastKnownFileType = sourcecode.swift; path = "View+Extension.swift"; sourceTree = "<group>"; };
/* End PBXFileReference section */

/* Begin PBXFrameworksBuildPhase section */
		AE3D0D9C27BF805000D01CFD /* Frameworks */ = {
			isa = PBXFrameworksBuildPhase;
			buildActionMask = 2147483647;
			files = (
			);
			runOnlyForDeploymentPostprocessing = 0;
		};
		AE3D0DA227BF805000D01CFD /* Frameworks */ = {
			isa = PBXFrameworksBuildPhase;
			buildActionMask = 2147483647;
			files = (
			);
			runOnlyForDeploymentPostprocessing = 0;
		};
/* End PBXFrameworksBuildPhase section */

/* Begin PBXGroup section */
		AE3D0D9227BF804E00D01CFD = {
			isa = PBXGroup;
			children = (
				AE3D0DC727BF89C800D01CFD /* MoviesApp--iOS--Info.plist */,
				AE3D0D9727BF804E00D01CFD /* MoviesApp */,
				AE3D0DA627BF805000D01CFD /* macOS */,
				AE3D0DA027BF805000D01CFD /* Products */,
			);
			sourceTree = "<group>";
		};
		AE3D0D9727BF804E00D01CFD /* MoviesApp */ = {
			isa = PBXGroup;
			children = (
				AE3D0DBE27BF812F00D01CFD /* Screens */,
				AE3D0DBD27BF812300D01CFD /* Utils */,
				AE3D0DBC27BF811400D01CFD /* Services */,
				AE3D0DBB27BF810A00D01CFD /* Controls */,
				AE3D0DBA27BF80FE00D01CFD /* Loaders */,
				AE3D0DB927BF80F600D01CFD /* Models */,
				AE3D0DB827BF80E200D01CFD /* Extensions */,
				AE3D0DB727BF80D900D01CFD /* ViewModels */,
				AE3D0DB627BF80D100D01CFD /* Views */,
				AE3D0D9827BF804E00D01CFD /* MoviesAppApp.swift */,
				AE3D0D9A27BF805000D01CFD /* Assets.xcassets */,
			);
			path = MoviesApp;
			sourceTree = "<group>";
		};
		AE3D0DA027BF805000D01CFD /* Products */ = {
			isa = PBXGroup;
			children = (
				AE3D0D9F27BF805000D01CFD /* MoviesApp.app */,
				AE3D0DA527BF805000D01CFD /* MoviesApp.app */,
			);
			name = Products;
			sourceTree = "<group>";
		};
		AE3D0DA627BF805000D01CFD /* macOS */ = {
			isa = PBXGroup;
			children = (
				AE3D0DA727BF805000D01CFD /* macOS.entitlements */,
			);
			path = macOS;
			sourceTree = "<group>";
		};
		AE3D0DB627BF80D100D01CFD /* Views */ = {
			isa = PBXGroup;
			children = (
				AEEEB52227BF92EC00CDC459 /* MovieListView.swift */,
			);
			path = Views;
			sourceTree = "<group>";
		};
		AE3D0DB727BF80D900D01CFD /* ViewModels */ = {
			isa = PBXGroup;
			children = (
				AEEEB51E27BF90E000CDC459 /* MovieListViewModel.swift */,
				AEEEB52827BFA19800CDC459 /* ViewModelBase.swift */,
			);
			path = ViewModels;
			sourceTree = "<group>";
		};
		AE3D0DB827BF80E200D01CFD /* Extensions */ = {
			isa = PBXGroup;
			children = (
				AE3D0DC127BF837200D01CFD /* URL+Extension.swift */,
				AEEEB52A27BFA23E00CDC459 /* String+Extention.swift */,
				AEEEB52C27BFA30800CDC459 /* View+Extension.swift */,
			);
			path = Extensions;
			sourceTree = "<group>";
		};
		AE3D0DB927BF80F600D01CFD /* Models */ = {
			isa = PBXGroup;
			children = (
				AE3D0DC527BF853B00D01CFD /* Movie.swift */,
			);
			path = Models;
			sourceTree = "<group>";
		};
		AE3D0DBA27BF80FE00D01CFD /* Loaders */ = {
			isa = PBXGroup;
			children = (
				AEEEB52427BF957800CDC459 /* ImageLoader.swift */,
			);
			path = Loaders;
			sourceTree = "<group>";
		};
		AE3D0DBB27BF810A00D01CFD /* Controls */ = {
			isa = PBXGroup;
			children = (
				AEEEB52627BF966100CDC459 /* URLImage.swift */,
			);
			path = Controls;
			sourceTree = "<group>";
		};
		AE3D0DBC27BF811400D01CFD /* Services */ = {
			isa = PBXGroup;
			children = (
				AE3D0DC327BF84BC00D01CFD /* WebService.swift */,
			);
			path = Services;
			sourceTree = "<group>";
		};
		AE3D0DBD27BF812300D01CFD /* Utils */ = {
			isa = PBXGroup;
			children = (
				AE3D0DBF27BF833C00D01CFD /* Constant.swift */,
			);
			path = Utils;
			sourceTree = "<group>";
		};
		AE3D0DBE27BF812F00D01CFD /* Screens */ = {
			isa = PBXGroup;
			children = (
				AEEEB52027BF92B800CDC459 /* MovieListScreen.swift */,
			);
			path = Screens;
			sourceTree = "<group>";
		};
/* End PBXGroup section */

/* Begin PBXNativeTarget section */
		AE3D0D9E27BF805000D01CFD /* MoviesApp (iOS) */ = {
			isa = PBXNativeTarget;
			buildConfigurationList = AE3D0DB027BF805000D01CFD /* Build configuration list for PBXNativeTarget "MoviesApp (iOS)" */;
			buildPhases = (
				AE3D0D9B27BF805000D01CFD /* Sources */,
				AE3D0D9C27BF805000D01CFD /* Frameworks */,
				AE3D0D9D27BF805000D01CFD /* Resources */,
			);
			buildRules = (
			);
			dependencies = (
			);
			name = "MoviesApp (iOS)";
			productName = "MoviesApp (iOS)";
			productReference = AE3D0D9F27BF805000D01CFD /* MoviesApp.app */;
			productType = "com.apple.product-type.application";
		};
		AE3D0DA427BF805000D01CFD /* MoviesApp (macOS) */ = {
			isa = PBXNativeTarget;
			buildConfigurationList = AE3D0DB327BF805000D01CFD /* Build configuration list for PBXNativeTarget "MoviesApp (macOS)" */;
			buildPhases = (
				AE3D0DA127BF805000D01CFD /* Sources */,
				AE3D0DA227BF805000D01CFD /* Frameworks */,
				AE3D0DA327BF805000D01CFD /* Resources */,
			);
			buildRules = (
			);
			dependencies = (
			);
			name = "MoviesApp (macOS)";
			productName = "MoviesApp (macOS)";
			productReference = AE3D0DA527BF805000D01CFD /* MoviesApp.app */;
			productType = "com.apple.product-type.application";
		};
/* End PBXNativeTarget section */

/* Begin PBXProject section */
		AE3D0D9327BF804E00D01CFD /* Project object */ = {
			isa = PBXProject;
			attributes = {
				BuildIndependentTargetsInParallel = 1;
				LastSwiftUpdateCheck = 1300;
				LastUpgradeCheck = 1300;
				TargetAttributes = {
					AE3D0D9E27BF805000D01CFD = {
						CreatedOnToolsVersion = 13.0;
					};
					AE3D0DA427BF805000D01CFD = {
						CreatedOnToolsVersion = 13.0;
					};
				};
			};
			buildConfigurationList = AE3D0D9627BF804E00D01CFD /* Build configuration list for PBXProject "MoviesApp" */;
			compatibilityVersion = "Xcode 13.0";
			developmentRegion = en;
			hasScannedForEncodings = 0;
			knownRegions = (
				en,
				Base,
			);
			mainGroup = AE3D0D9227BF804E00D01CFD;
			productRefGroup = AE3D0DA027BF805000D01CFD /* Products */;
			projectDirPath = "";
			projectRoot = "";
			targets = (
				AE3D0D9E27BF805000D01CFD /* MoviesApp (iOS) */,
				AE3D0DA427BF805000D01CFD /* MoviesApp (macOS) */,
			);
		};
/* End PBXProject section */

/* Begin PBXResourcesBuildPhase section */
		AE3D0D9D27BF805000D01CFD /* Resources */ = {
			isa = PBXResourcesBuildPhase;
			buildActionMask = 2147483647;
			files = (
				AE3D0DAC27BF805000D01CFD /* Assets.xcassets in Resources */,
			);
			runOnlyForDeploymentPostprocessing = 0;
		};
		AE3D0DA327BF805000D01CFD /* Resources */ = {
			isa = PBXResourcesBuildPhase;
			buildActionMask = 2147483647;
			files = (
				AE3D0DAD27BF805000D01CFD /* Assets.xcassets in Resources */,
			);
			runOnlyForDeploymentPostprocessing = 0;
		};
/* End PBXResourcesBuildPhase section */

/* Begin PBXSourcesBuildPhase section */
		AE3D0D9B27BF805000D01CFD /* Sources */ = {
			isa = PBXSourcesBuildPhase;
			buildActionMask = 2147483647;
			files = (
				AEEEB52927BFA19800CDC459 /* ViewModelBase.swift in Sources */,
				AEEEB52B27BFA23E00CDC459 /* String+Extention.swift in Sources */,
				AE3D0DC227BF837200D01CFD /* URL+Extension.swift in Sources */,
				AEEEB52327BF92EC00CDC459 /* MovieListView.swift in Sources */,
				AE3D0DC627BF853B00D01CFD /* Movie.swift in Sources */,
				AEEEB52727BF966100CDC459 /* URLImage.swift in Sources */,
				AEEEB51F27BF90E000CDC459 /* MovieListViewModel.swift in Sources */,
				AEEEB52127BF92B800CDC459 /* MovieListScreen.swift in Sources */,
				AEEEB52527BF957800CDC459 /* ImageLoader.swift in Sources */,
				AE3D0DA827BF805000D01CFD /* MoviesAppApp.swift in Sources */,
				AEEEB52D27BFA30800CDC459 /* View+Extension.swift in Sources */,
				AE3D0DC427BF84BC00D01CFD /* WebService.swift in Sources */,
				AE3D0DC027BF833C00D01CFD /* Constant.swift in Sources */,
			);
			runOnlyForDeploymentPostprocessing = 0;
		};
		AE3D0DA127BF805000D01CFD /* Sources */ = {
			isa = PBXSourcesBuildPhase;
			buildActionMask = 2147483647;
			files = (
				AE3D0DA927BF805000D01CFD /* MoviesAppApp.swift in Sources */,
			);
			runOnlyForDeploymentPostprocessing = 0;
		};
/* End PBXSourcesBuildPhase section */

/* Begin XCBuildConfiguration section */
		AE3D0DAE27BF805000D01CFD /* Debug */ = {
			isa = XCBuildConfiguration;
			buildSettings = {
				ALWAYS_SEARCH_USER_PATHS = NO;
				CLANG_ANALYZER_NONNULL = YES;
				CLANG_ANALYZER_NUMBER_OBJECT_CONVERSION = YES_AGGRESSIVE;
				CLANG_CXX_LANGUAGE_STANDARD = "gnu++17";
				CLANG_CXX_LIBRARY = "libc++";
				CLANG_ENABLE_MODULES = YES;
				CLANG_ENABLE_OBJC_ARC = YES;
				CLANG_ENABLE_OBJC_WEAK = YES;
				CLANG_WARN_BLOCK_CAPTURE_AUTORELEASING = YES;
				CLANG_WARN_BOOL_CONVERSION = YES;
				CLANG_WARN_COMMA = YES;
				CLANG_WARN_CONSTANT_CONVERSION = YES;
				CLANG_WARN_DEPRECATED_OBJC_IMPLEMENTATIONS = YES;
				CLANG_WARN_DIRECT_OBJC_ISA_USAGE = YES_ERROR;
				CLANG_WARN_DOCUMENTATION_COMMENTS = YES;
				CLANG_WARN_EMPTY_BODY = YES;
				CLANG_WARN_ENUM_CONVERSION = YES;
				CLANG_WARN_INFINITE_RECURSION = YES;
				CLANG_WARN_INT_CONVERSION = YES;
				CLANG_WARN_NON_LITERAL_NULL_CONVERSION = YES;
				CLANG_WARN_OBJC_IMPLICIT_RETAIN_SELF = YES;
				CLANG_WARN_OBJC_LITERAL_CONVERSION = YES;
				CLANG_WARN_OBJC_ROOT_CLASS = YES_ERROR;
				CLANG_WARN_QUOTED_INCLUDE_IN_FRAMEWORK_HEADER = YES;
				CLANG_WARN_RANGE_LOOP_ANALYSIS = YES;
				CLANG_WARN_STRICT_PROTOTYPES = YES;
				CLANG_WARN_SUSPICIOUS_MOVE = YES;
				CLANG_WARN_UNGUARDED_AVAILABILITY = YES_AGGRESSIVE;
				CLANG_WARN_UNREACHABLE_CODE = YES;
				CLANG_WARN__DUPLICATE_METHOD_MATCH = YES;
				COPY_PHASE_STRIP = NO;
				DEBUG_INFORMATION_FORMAT = dwarf;
				ENABLE_STRICT_OBJC_MSGSEND = YES;
				ENABLE_TESTABILITY = YES;
				GCC_C_LANGUAGE_STANDARD = gnu11;
				GCC_DYNAMIC_NO_PIC = NO;
				GCC_NO_COMMON_BLOCKS = YES;
				GCC_OPTIMIZATION_LEVEL = 0;
				GCC_PREPROCESSOR_DEFINITIONS = (
					"DEBUG=1",
					"$(inherited)",
				);
				GCC_WARN_64_TO_32_BIT_CONVERSION = YES;
				GCC_WARN_ABOUT_RETURN_TYPE = YES_ERROR;
				GCC_WARN_UNDECLARED_SELECTOR = YES;
				GCC_WARN_UNINITIALIZED_AUTOS = YES_AGGRESSIVE;
				GCC_WARN_UNUSED_FUNCTION = YES;
				GCC_WARN_UNUSED_VARIABLE = YES;
				MTL_ENABLE_DEBUG_INFO = INCLUDE_SOURCE;
				MTL_FAST_MATH = YES;
				ONLY_ACTIVE_ARCH = YES;
				SWIFT_ACTIVE_COMPILATION_CONDITIONS = DEBUG;
				SWIFT_OPTIMIZATION_LEVEL = "-Onone";
			};
			name = Debug;
		};
		AE3D0DAF27BF805000D01CFD /* Release */ = {
			isa = XCBuildConfiguration;
			buildSettings = {
				ALWAYS_SEARCH_USER_PATHS = NO;
				CLANG_ANALYZER_NONNULL = YES;
				CLANG_ANALYZER_NUMBER_OBJECT_CONVERSION = YES_AGGRESSIVE;
				CLANG_CXX_LANGUAGE_STANDARD = "gnu++17";
				CLANG_CXX_LIBRARY = "libc++";
				CLANG_ENABLE_MODULES = YES;
				CLANG_ENABLE_OBJC_ARC = YES;
				CLANG_ENABLE_OBJC_WEAK = YES;
				CLANG_WARN_BLOCK_CAPTURE_AUTORELEASING = YES;
				CLANG_WARN_BOOL_CONVERSION = YES;
				CLANG_WARN_COMMA = YES;
				CLANG_WARN_CONSTANT_CONVERSION = YES;
				CLANG_WARN_DEPRECATED_OBJC_IMPLEMENTATIONS = YES;
				CLANG_WARN_DIRECT_OBJC_ISA_USAGE = YES_ERROR;
				CLANG_WARN_DOCUMENTATION_COMMENTS = YES;
				CLANG_WARN_EMPTY_BODY = YES;
				CLANG_WARN_ENUM_CONVERSION = YES;
				CLANG_WARN_INFINITE_RECURSION = YES;
				CLANG_WARN_INT_CONVERSION = YES;
				CLANG_WARN_NON_LITERAL_NULL_CONVERSION = YES;
				CLANG_WARN_OBJC_IMPLICIT_RETAIN_SELF = YES;
				CLANG_WARN_OBJC_LITERAL_CONVERSION = YES;
				CLANG_WARN_OBJC_ROOT_CLASS = YES_ERROR;
				CLANG_WARN_QUOTED_INCLUDE_IN_FRAMEWORK_HEADER = YES;
				CLANG_WARN_RANGE_LOOP_ANALYSIS = YES;
				CLANG_WARN_STRICT_PROTOTYPES = YES;
				CLANG_WARN_SUSPICIOUS_MOVE = YES;
				CLANG_WARN_UNGUARDED_AVAILABILITY = YES_AGGRESSIVE;
				CLANG_WARN_UNREACHABLE_CODE = YES;
				CLANG_WARN__DUPLICATE_METHOD_MATCH = YES;
				COPY_PHASE_STRIP = NO;
				DEBUG_INFORMATION_FORMAT = "dwarf-with-dsym";
				ENABLE_NS_ASSERTIONS = NO;
				ENABLE_STRICT_OBJC_MSGSEND = YES;
				GCC_C_LANGUAGE_STANDARD = gnu11;
				GCC_NO_COMMON_BLOCKS = YES;
				GCC_WARN_64_TO_32_BIT_CONVERSION = YES;
				GCC_WARN_ABOUT_RETURN_TYPE = YES_ERROR;
				GCC_WARN_UNDECLARED_SELECTOR = YES;
				GCC_WARN_UNINITIALIZED_AUTOS = YES_AGGRESSIVE;
				GCC_WARN_UNUSED_FUNCTION = YES;
				GCC_WARN_UNUSED_VARIABLE = YES;
				MTL_ENABLE_DEBUG_INFO = NO;
				MTL_FAST_MATH = YES;
				SWIFT_COMPILATION_MODE = wholemodule;
				SWIFT_OPTIMIZATION_LEVEL = "-O";
			};
			name = Release;
		};
		AE3D0DB127BF805000D01CFD /* Debug */ = {
			isa = XCBuildConfiguration;
			buildSettings = {
				ASSETCATALOG_COMPILER_APPICON_NAME = AppIcon;
				ASSETCATALOG_COMPILER_GLOBAL_ACCENT_COLOR_NAME = AccentColor;
				CODE_SIGN_STYLE = Automatic;
				CURRENT_PROJECT_VERSION = 1;
				ENABLE_PREVIEWS = YES;
				GENERATE_INFOPLIST_FILE = YES;
				INFOPLIST_FILE = "MoviesApp--iOS--Info.plist";
				INFOPLIST_KEY_UIApplicationSceneManifest_Generation = YES;
				INFOPLIST_KEY_UIApplicationSupportsIndirectInputEvents = YES;
				INFOPLIST_KEY_UILaunchScreen_Generation = YES;
				INFOPLIST_KEY_UISupportedInterfaceOrientations_iPad = "UIInterfaceOrientationPortrait UIInterfaceOrientationPortraitUpsideDown UIInterfaceOrientationLandscapeLeft UIInterfaceOrientationLandscapeRight";
				INFOPLIST_KEY_UISupportedInterfaceOrientations_iPhone = "UIInterfaceOrientationPortrait UIInterfaceOrientationLandscapeLeft UIInterfaceOrientationLandscapeRight";
				IPHONEOS_DEPLOYMENT_TARGET = 14.0;
				LD_RUNPATH_SEARCH_PATHS = (
					"$(inherited)",
					"@executable_path/Frameworks",
				);
				MARKETING_VERSION = 1.0;
				PRODUCT_BUNDLE_IDENTIFIER = com..MoviesApp;
				PRODUCT_NAME = MoviesApp;
				SDKROOT = iphoneos;
				SWIFT_EMIT_LOC_STRINGS = YES;
				SWIFT_VERSION = 5.0;
				TARGETED_DEVICE_FAMILY = "1,2";
			};
			name = Debug;
		};
		AE3D0DB227BF805000D01CFD /* Release */ = {
			isa = XCBuildConfiguration;
			buildSettings = {
				ASSETCATALOG_COMPILER_APPICON_NAME = AppIcon;
				ASSETCATALOG_COMPILER_GLOBAL_ACCENT_COLOR_NAME = AccentColor;
				CODE_SIGN_STYLE = Automatic;
				CURRENT_PROJECT_VERSION = 1;
				ENABLE_PREVIEWS = YES;
				GENERATE_INFOPLIST_FILE = YES;
				INFOPLIST_FILE = "MoviesApp--iOS--Info.plist";
				INFOPLIST_KEY_UIApplicationSceneManifest_Generation = YES;
				INFOPLIST_KEY_UIApplicationSupportsIndirectInputEvents = YES;
				INFOPLIST_KEY_UILaunchScreen_Generation = YES;
				INFOPLIST_KEY_UISupportedInterfaceOrientations_iPad = "UIInterfaceOrientationPortrait UIInterfaceOrientationPortraitUpsideDown UIInterfaceOrientationLandscapeLeft UIInterfaceOrientationLandscapeRight";
				INFOPLIST_KEY_UISupportedInterfaceOrientations_iPhone = "UIInterfaceOrientationPortrait UIInterfaceOrientationLandscapeLeft UIInterfaceOrientationLandscapeRight";
				IPHONEOS_DEPLOYMENT_TARGET = 14.0;
				LD_RUNPATH_SEARCH_PATHS = (
					"$(inherited)",
					"@executable_path/Frameworks",
				);
				MARKETING_VERSION = 1.0;
				PRODUCT_BUNDLE_IDENTIFIER = com..MoviesApp;
				PRODUCT_NAME = MoviesApp;
				SDKROOT = iphoneos;
				SWIFT_EMIT_LOC_STRINGS = YES;
				SWIFT_VERSION = 5.0;
				TARGETED_DEVICE_FAMILY = "1,2";
				VALIDATE_PRODUCT = YES;
			};
			name = Release;
		};
		AE3D0DB427BF805000D01CFD /* Debug */ = {
			isa = XCBuildConfiguration;
			buildSettings = {
				ASSETCATALOG_COMPILER_APPICON_NAME = AppIcon;
				ASSETCATALOG_COMPILER_GLOBAL_ACCENT_COLOR_NAME = AccentColor;
				CODE_SIGN_ENTITLEMENTS = macOS/macOS.entitlements;
				CODE_SIGN_STYLE = Automatic;
				COMBINE_HIDPI_IMAGES = YES;
				CURRENT_PROJECT_VERSION = 1;
				ENABLE_PREVIEWS = YES;
				GENERATE_INFOPLIST_FILE = YES;
				INFOPLIST_KEY_NSHumanReadableCopyright = "";
				LD_RUNPATH_SEARCH_PATHS = (
					"$(inherited)",
					"@executable_path/../Frameworks",
				);
				MACOSX_DEPLOYMENT_TARGET = 11.0;
				MARKETING_VERSION = 1.0;
				PRODUCT_BUNDLE_IDENTIFIER = com..MoviesApp;
				PRODUCT_NAME = MoviesApp;
				SDKROOT = macosx;
				SWIFT_EMIT_LOC_STRINGS = YES;
				SWIFT_VERSION = 5.0;
			};
			name = Debug;
		};
		AE3D0DB527BF805000D01CFD /* Release */ = {
			isa = XCBuildConfiguration;
			buildSettings = {
				ASSETCATALOG_COMPILER_APPICON_NAME = AppIcon;
				ASSETCATALOG_COMPILER_GLOBAL_ACCENT_COLOR_NAME = AccentColor;
				CODE_SIGN_ENTITLEMENTS = macOS/macOS.entitlements;
				CODE_SIGN_STYLE = Automatic;
				COMBINE_HIDPI_IMAGES = YES;
				CURRENT_PROJECT_VERSION = 1;
				ENABLE_PREVIEWS = YES;
				GENERATE_INFOPLIST_FILE = YES;
				INFOPLIST_KEY_NSHumanReadableCopyright = "";
				LD_RUNPATH_SEARCH_PATHS = (
					"$(inherited)",
					"@executable_path/../Frameworks",
				);
				MACOSX_DEPLOYMENT_TARGET = 11.0;
				MARKETING_VERSION = 1.0;
				PRODUCT_BUNDLE_IDENTIFIER = com..MoviesApp;
				PRODUCT_NAME = MoviesApp;
				SDKROOT = macosx;
				SWIFT_EMIT_LOC_STRINGS = YES;
				SWIFT_VERSION = 5.0;
			};
			name = Release;
		};
/* End XCBuildConfiguration section */

/* Begin XCConfigurationList section */
		AE3D0D9627BF804E00D01CFD /* Build configuration list for PBXProject "MoviesApp" */ = {
			isa = XCConfigurationList;
			buildConfigurations = (
				AE3D0DAE27BF805000D01CFD /* Debug */,
				AE3D0DAF27BF805000D01CFD /* Release */,
			);
			defaultConfigurationIsVisible = 0;
			defaultConfigurationName = Release;
		};
		AE3D0DB027BF805000D01CFD /* Build configuration list for PBXNativeTarget "MoviesApp (iOS)" */ = {
			isa = XCConfigurationList;
			buildConfigurations = (
				AE3D0DB127BF805000D01CFD /* Debug */,
				AE3D0DB227BF805000D01CFD /* Release */,
			);
			defaultConfigurationIsVisible = 0;
			defaultConfigurationName = Release;
		};
		AE3D0DB327BF805000D01CFD /* Build configuration list for PBXNativeTarget "MoviesApp (macOS)" */ = {
			isa = XCConfigurationList;
			buildConfigurations = (
				AE3D0DB427BF805000D01CFD /* Debug */,
				AE3D0DB527BF805000D01CFD /* Release */,
			);
			defaultConfigurationIsVisible = 0;
			defaultConfigurationName = Release;
		};
/* End XCConfigurationList section */
	};
	rootObject = AE3D0D9327BF804E00D01CFD /* Project object */;
}
